
Microsoft Visual Studio Solution File, Format Version 12.00
# Visual Studio 2013
VisualStudioVersion = 12.0.40629.0
MinimumVisualStudioVersion = 10.0.40219.1
Project("{FAE04EC0-301F-11D3-BF4B-00C04F79EFBC}") = "HackerRank - Library Fine", "HackerRank - Library Fine.csproj", "{EEE09C28-BEA4-4B72-8C4E-4247F4F6724A}"
EndProject
Global
	GlobalSection(SolutionConfigurationPlatforms) = preSolution
		Debug|Any CPU = Debug|Any CPU
		Release|Any CPU = Release|Any CPU
	EndGlobalSection
	GlobalSection(ProjectConfigurationPlatforms) = postSolution
		{EEE09C28-BEA4-4B72-8C4E-4247F4F6724A}.Debug|Any CPU.ActiveCfg = Debug|Any CPU
		{EEE09C28-BEA4-4B72-8C4E-4247F4F6724A}.Debug|Any CPU.Build.0 = Debug|Any CPU
		{EEE09C28-BEA4-4B72-8C4E-4247F4F6724A}.Release|Any CPU.ActiveCfg = Release|Any CPU
		{EEE09C28-BEA4-4B72-8C4E-4247F4F6724A}.Release|Any CPU.Build.0 = Release|Any CPU
	EndGlobalSection
	GlobalSection(SolutionProperties) = preSolution
		HideSolutionNode = FALSE
	EndGlobalSection
EndGlobal
